// !$*UTF8*$!
{
	archiveVersion = 1;
	classes = {
	};
	objectVersion = 46;
	objects = {

/* Begin PBXBuildFile section */
		A613F7A91C99BEA7006F2D7D /* MasInfo_Beneficios.m in Sources */ = {isa = PBXBuildFile; fileRef = A613F7A81C99BEA7006F2D7D /* MasInfo_Beneficios.m */; };
		A613F7AC1C99CF28006F2D7D /* MasInfo_Contacto.m in Sources */ = {isa = PBXBuildFile; fileRef = A613F7AB1C99CF28006F2D7D /* MasInfo_Contacto.m */; };
		A626E5321C907CC10089BDA1 /* home.png in Resources */ = {isa = PBXBuildFile; fileRef = A626E5311C907CC10089BDA1 /* home.png */; };
		A626E5351C907E2F0089BDA1 /* QuienesSomos.m in Sources */ = {isa = PBXBuildFile; fileRef = A626E5341C907E2F0089BDA1 /* QuienesSomos.m */; };
		A626E5381C9099790089BDA1 /* Certificaciones.m in Sources */ = {isa = PBXBuildFile; fileRef = A626E5371C9099790089BDA1 /* Certificaciones.m */; };
		A626E53B1C909BA70089BDA1 /* graduation-cap.png in Resources */ = {isa = PBXBuildFile; fileRef = A626E5391C909BA70089BDA1 /* graduation-cap.png */; };
		A626E53C1C909BA70089BDA1 /* lock.png in Resources */ = {isa = PBXBuildFile; fileRef = A626E53A1C909BA70089BDA1 /* lock.png */; };
		A63245B21C931AD90046B9B6 /* MasInfo_Proceso_Admision.m in Sources */ = {isa = PBXBuildFile; fileRef = A63245B11C931AD90046B9B6 /* MasInfo_Proceso_Admision.m */; };
		A63245B51C931F9C0046B9B6 /* MasInfo_Mapa_Ubicacion.m in Sources */ = {isa = PBXBuildFile; fileRef = A63245B41C931F9C0046B9B6 /* MasInfo_Mapa_Ubicacion.m */; };
		A63245B71C9326E80046B9B6 /* MapKit.framework in Frameworks */ = {isa = PBXBuildFile; fileRef = A63245B61C9326E80046B9B6 /* MapKit.framework */; };
		A633CEE61C8A1D3200B65BE6 /* defaultback.png in Resources */ = {isa = PBXBuildFile; fileRef = A633CEE51C8A1D3200B65BE6 /* defaultback.png */; };
		A644FF401C8DBBEA008876CC /* key.png in Resources */ = {isa = PBXBuildFile; fileRef = A644FF3F1C8DBBEA008876CC /* key.png */; };
		A644FF421C8DBE75008876CC /* calendar.png in Resources */ = {isa = PBXBuildFile; fileRef = A644FF411C8DBE75008876CC /* calendar.png */; };
		A665743F1C7E69C500834389 /* VerTareasCirculares.m in Sources */ = {isa = PBXBuildFile; fileRef = A665743E1C7E69C500834389 /* VerTareasCirculares.m */; };
		A68DAA411C90D4DB00166FB9 /* Calendarios.m in Sources */ = {isa = PBXBuildFile; fileRef = A68DAA401C90D4DB00166FB9 /* Calendarios.m */; };
		A69EFAA41C9C47AE00031AB4 /* MasInfo_Mensaje.m in Sources */ = {isa = PBXBuildFile; fileRef = A69EFAA31C9C47AE00031AB4 /* MasInfo_Mensaje.m */; };
		A6A70F7E1CA309DE00FD5EBC /* TabBar.m in Sources */ = {isa = PBXBuildFile; fileRef = A6A70F7D1CA309DE00FD5EBC /* TabBar.m */; };
		A6A9CA9F1C7E4C4600314626 /* main.m in Sources */ = {isa = PBXBuildFile; fileRef = A6A9CA9E1C7E4C4600314626 /* main.m */; };
		A6A9CAA21C7E4C4600314626 /* AppDelegate.m in Sources */ = {isa = PBXBuildFile; fileRef = A6A9CAA11C7E4C4600314626 /* AppDelegate.m */; };
		A6A9CAA51C7E4C4600314626 /* Login.m in Sources */ = {isa = PBXBuildFile; fileRef = A6A9CAA41C7E4C4600314626 /* Login.m */; };
		A6A9CAA81C7E4C4600314626 /* SecondViewController.m in Sources */ = {isa = PBXBuildFile; fileRef = A6A9CAA71C7E4C4600314626 /* SecondViewController.m */; };
		A6A9CAAB1C7E4C4600314626 /* Main.storyboard in Resources */ = {isa = PBXBuildFile; fileRef = A6A9CAA91C7E4C4600314626 /* Main.storyboard */; };
		A6A9CAAD1C7E4C4600314626 /* Assets.xcassets in Resources */ = {isa = PBXBuildFile; fileRef = A6A9CAAC1C7E4C4600314626 /* Assets.xcassets */; };
		A6A9CAB01C7E4C4600314626 /* LaunchScreen.storyboard in Resources */ = {isa = PBXBuildFile; fileRef = A6A9CAAE1C7E4C4600314626 /* LaunchScreen.storyboard */; };
		A6A9CABB1C7E51B400314626 /* PrimerMenu.m in Sources */ = {isa = PBXBuildFile; fileRef = A6A9CABA1C7E51B400314626 /* PrimerMenu.m */; };
		A6A9CAC11C7E543300314626 /* Singleton.m in Sources */ = {isa = PBXBuildFile; fileRef = A6A9CABF1C7E543300314626 /* Singleton.m */; };
		A6A9CAC41C7E57DE00314626 /* SegundoMenu.m in Sources */ = {isa = PBXBuildFile; fileRef = A6A9CAC31C7E57DE00314626 /* SegundoMenu.m */; };
		A6A9CACA1C7E5BB100314626 /* TercerMenu.m in Sources */ = {isa = PBXBuildFile; fileRef = A6A9CAC91C7E5BB100314626 /* TercerMenu.m */; };
		A6A9D63B1CA19BDC004B7180 /* Mensaje_Body.m in Sources */ = {isa = PBXBuildFile; fileRef = A6A9D63A1CA19BDC004B7180 /* Mensaje_Body.m */; };
		A6AEE3C01C864CEA00BA68FA /* icono_arji.png in Resources */ = {isa = PBXBuildFile; fileRef = A6AEE3B71C864CEA00BA68FA /* icono_arji.png */; };
		A6AEE3C11C864CEA00BA68FA /* icono_arji2x.png in Resources */ = {isa = PBXBuildFile; fileRef = A6AEE3B81C864CEA00BA68FA /* icono_arji2x.png */; };
		A6AEE3C21C864CEA00BA68FA /* icono_arji3x.png in Resources */ = {isa = PBXBuildFile; fileRef = A6AEE3B91C864CEA00BA68FA /* icono_arji3x.png */; };
		A6AEE3C31C864CEA00BA68FA /* icono_arji57x.png in Resources */ = {isa = PBXBuildFile; fileRef = A6AEE3BA1C864CEA00BA68FA /* icono_arji57x.png */; };
		A6AEE3C41C864CEA00BA68FA /* icono_arji60x.png in Resources */ = {isa = PBXBuildFile; fileRef = A6AEE3BB1C864CEA00BA68FA /* icono_arji60x.png */; };
		A6AEE3C51C864CEA00BA68FA /* icono_arji80x.png in Resources */ = {isa = PBXBuildFile; fileRef = A6AEE3BC1C864CEA00BA68FA /* icono_arji80x.png */; };
		A6AEE3C61C864CEA00BA68FA /* icono_arji114x.png in Resources */ = {isa = PBXBuildFile; fileRef = A6AEE3BD1C864CEA00BA68FA /* icono_arji114x.png */; };
		A6AEE3C71C864CEA00BA68FA /* icono_arji120x.png in Resources */ = {isa = PBXBuildFile; fileRef = A6AEE3BE1C864CEA00BA68FA /* icono_arji120x.png */; };
		A6AEE3C81C864CEA00BA68FA /* icono_arji180x.png in Resources */ = {isa = PBXBuildFile; fileRef = A6AEE3BF1C864CEA00BA68FA /* icono_arji180x.png */; };
		A6AEE3D51C864D1000BA68FA /* retina_display_320x480.png in Resources */ = {isa = PBXBuildFile; fileRef = A6AEE3C91C864D0F00BA68FA /* retina_display_320x480.png */; };
		A6AEE3D61C864D1000BA68FA /* retina_display_480x320.png in Resources */ = {isa = PBXBuildFile; fileRef = A6AEE3CA1C864D0F00BA68FA /* retina_display_480x320.png */; };
		A6AEE3D71C864D1000BA68FA /* retina_display_640x900.png in Resources */ = {isa = PBXBuildFile; fileRef = A6AEE3CB1C864D0F00BA68FA /* retina_display_640x900.png */; };
		A6AEE3D81C864D1000BA68FA /* retina_display_640x960.png in Resources */ = {isa = PBXBuildFile; fileRef = A6AEE3CC1C864D0F00BA68FA /* retina_display_640x960.png */; };
		A6AEE3D91C864D1000BA68FA /* retina_display_640x1136.png in Resources */ = {isa = PBXBuildFile; fileRef = A6AEE3CD1C864D0F00BA68FA /* retina_display_640x1136.png */; };
		A6AEE3DA1C864D1000BA68FA /* retina_display_750x1334.png in Resources */ = {isa = PBXBuildFile; fileRef = A6AEE3CE1C864D0F00BA68FA /* retina_display_750x1334.png */; };
		A6AEE3DB1C864D1000BA68FA /* retina_display_900x640.png in Resources */ = {isa = PBXBuildFile; fileRef = A6AEE3CF1C864D0F00BA68FA /* retina_display_900x640.png */; };
		A6AEE3DC1C864D1000BA68FA /* retina_display_960x640.png in Resources */ = {isa = PBXBuildFile; fileRef = A6AEE3D01C864D1000BA68FA /* retina_display_960x640.png */; };
		A6AEE3DD1C864D1000BA68FA /* retina_display_1136x640.png in Resources */ = {isa = PBXBuildFile; fileRef = A6AEE3D11C864D1000BA68FA /* retina_display_1136x640.png */; };
		A6AEE3DE1C864D1000BA68FA /* retina_display_1242x2208.png in Resources */ = {isa = PBXBuildFile; fileRef = A6AEE3D21C864D1000BA68FA /* retina_display_1242x2208.png */; };
		A6AEE3DF1C864D1000BA68FA /* retina_display_1334x750.png in Resources */ = {isa = PBXBuildFile; fileRef = A6AEE3D31C864D1000BA68FA /* retina_display_1334x750.png */; };
		A6AEE3E01C864D1000BA68FA /* retina_display_2208x1242.png in Resources */ = {isa = PBXBuildFile; fileRef = A6AEE3D41C864D1000BA68FA /* retina_display_2208x1242.png */; };
		A6C0A7071CB56499008C012F /* spanner-7.png in Resources */ = {isa = PBXBuildFile; fileRef = A6C0A7061CB56499008C012F /* spanner-7.png */; };
		A6D129C21C8F934400C853C8 /* Boletin.m in Sources */ = {isa = PBXBuildFile; fileRef = A6D129C11C8F934400C853C8 /* Boletin.m */; };
		A6D1B2221C91C6DD00317AA7 /* layer.png in Resources */ = {isa = PBXBuildFile; fileRef = A6D1B2211C91C6DD00317AA7 /* layer.png */; };
		A6D1B2271C91C6F000317AA7 /* default.png in Resources */ = {isa = PBXBuildFile; fileRef = A6D1B2231C91C6F000317AA7 /* default.png */; };
		A6D1B2281C91C6F000317AA7 /* default@2x.png in Resources */ = {isa = PBXBuildFile; fileRef = A6D1B2241C91C6F000317AA7 /* default@2x.png */; };
		A6D1B2291C91C6F000317AA7 /* retina_display_47.png in Resources */ = {isa = PBXBuildFile; fileRef = A6D1B2251C91C6F000317AA7 /* retina_display_47.png */; };
		A6D1B22A1C91C6F000317AA7 /* retina_display_55.png in Resources */ = {isa = PBXBuildFile; fileRef = A6D1B2261C91C6F000317AA7 /* retina_display_55.png */; };
		A6D1B22D1C91E47300317AA7 /* MasInfo_root.m in Sources */ = {isa = PBXBuildFile; fileRef = A6D1B22C1C91E47300317AA7 /* MasInfo_root.m */; };
		A6D1B2301C92291100317AA7 /* MasInfo_Directorio.m in Sources */ = {isa = PBXBuildFile; fileRef = A6D1B22F1C92291100317AA7 /* MasInfo_Directorio.m */; };
		A6FB64591C8733480093A2A0 /* icono_arji360x360.png in Resources */ = {isa = PBXBuildFile; fileRef = A6FB64581C8733480093A2A0 /* icono_arji360x360.png */; };
/* End PBXBuildFile section */

/* Begin PBXFileReference section */
		A613F7A71C99BEA7006F2D7D /* MasInfo_Beneficios.h */ = {isa = PBXFileReference; fileEncoding = 4; lastKnownFileType = sourcecode.c.h; name = MasInfo_Beneficios.h; path = Clases/MasInfo_Beneficios.h; sourceTree = "<group>"; };
		A613F7A81C99BEA7006F2D7D /* MasInfo_Beneficios.m */ = {isa = PBXFileReference; fileEncoding = 4; lastKnownFileType = sourcecode.c.objc; name = MasInfo_Beneficios.m; path = Clases/MasInfo_Beneficios.m; sourceTree = "<group>"; };
		A613F7AA1C99CF28006F2D7D /* MasInfo_Contacto.h */ = {isa = PBXFileReference; fileEncoding = 4; lastKnownFileType = sourcecode.c.h; name = MasInfo_Contacto.h; path = Clases/MasInfo_Contacto.h; sourceTree = "<group>"; };
		A613F7AB1C99CF28006F2D7D /* MasInfo_Contacto.m */ = {isa = PBXFileReference; fileEncoding = 4; lastKnownFileType = sourcecode.c.objc; name = MasInfo_Contacto.m; path = Clases/MasInfo_Contacto.m; sourceTree = "<group>"; };
		A626E5311C907CC10089BDA1 /* home.png */ = {isa = PBXFileReference; lastKnownFileType = image.png; name = home.png; path = Img/Iconos/home.png; sourceTree = "<group>"; };
		A626E5331C907E2F0089BDA1 /* QuienesSomos.h */ = {isa = PBXFileReference; fileEncoding = 4; lastKnownFileType = sourcecode.c.h; name = QuienesSomos.h; path = Clases/QuienesSomos.h; sourceTree = "<group>"; };
		A626E5341C907E2F0089BDA1 /* QuienesSomos.m */ = {isa = PBXFileReference; fileEncoding = 4; lastKnownFileType = sourcecode.c.objc; name = QuienesSomos.m; path = Clases/QuienesSomos.m; sourceTree = "<group>"; };
		A626E5361C9099790089BDA1 /* Certificaciones.h */ = {isa = PBXFileReference; fileEncoding = 4; lastKnownFileType = sourcecode.c.h; path = Certificaciones.h; sourceTree = "<group>"; };
		A626E5371C9099790089BDA1 /* Certificaciones.m */ = {isa = PBXFileReference; fileEncoding = 4; lastKnownFileType = sourcecode.c.objc; path = Certificaciones.m; sourceTree = "<group>"; };
		A626E5391C909BA70089BDA1 /* graduation-cap.png */ = {isa = PBXFileReference; lastKnownFileType = image.png; name = "graduation-cap.png"; path = "Img/Iconos/graduation-cap.png"; sourceTree = "<group>"; };
		A626E53A1C909BA70089BDA1 /* lock.png */ = {isa = PBXFileReference; lastKnownFileType = image.png; name = lock.png; path = Img/Iconos/lock.png; sourceTree = "<group>"; };
		A63245B01C931AD90046B9B6 /* MasInfo_Proceso_Admision.h */ = {isa = PBXFileReference; fileEncoding = 4; lastKnownFileType = sourcecode.c.h; name = MasInfo_Proceso_Admision.h; path = Clases/MasInfo_Proceso_Admision.h; sourceTree = "<group>"; };
		A63245B11C931AD90046B9B6 /* MasInfo_Proceso_Admision.m */ = {isa = PBXFileReference; fileEncoding = 4; lastKnownFileType = sourcecode.c.objc; name = MasInfo_Proceso_Admision.m; path = Clases/MasInfo_Proceso_Admision.m; sourceTree = "<group>"; };
		A63245B31C931F9C0046B9B6 /* MasInfo_Mapa_Ubicacion.h */ = {isa = PBXFileReference; fileEncoding = 4; lastKnownFileType = sourcecode.c.h; name = MasInfo_Mapa_Ubicacion.h; path = Clases/MasInfo_Mapa_Ubicacion.h; sourceTree = "<group>"; };
		A63245B41C931F9C0046B9B6 /* MasInfo_Mapa_Ubicacion.m */ = {isa = PBXFileReference; fileEncoding = 4; lastKnownFileType = sourcecode.c.objc; name = MasInfo_Mapa_Ubicacion.m; path = Clases/MasInfo_Mapa_Ubicacion.m; sourceTree = "<group>"; };
		A63245B61C9326E80046B9B6 /* MapKit.framework */ = {isa = PBXFileReference; lastKnownFileType = wrapper.framework; name = MapKit.framework; path = System/Library/Frameworks/MapKit.framework; sourceTree = SDKROOT; };
		A633CEE51C8A1D3200B65BE6 /* defaultback.png */ = {isa = PBXFileReference; lastKnownFileType = image.png; name = defaultback.png; path = Img/Imagenes/defaultback.png; sourceTree = "<group>"; };
		A644FF3F1C8DBBEA008876CC /* key.png */ = {isa = PBXFileReference; lastKnownFileType = image.png; name = key.png; path = Img/Iconos/key.png; sourceTree = "<group>"; };
		A644FF411C8DBE75008876CC /* calendar.png */ = {isa = PBXFileReference; lastKnownFileType = image.png; name = calendar.png; path = Img/Iconos/calendar.png; sourceTree = "<group>"; };
		A665743D1C7E69C500834389 /* VerTareasCirculares.h */ = {isa = PBXFileReference; fileEncoding = 4; lastKnownFileType = sourcecode.c.h; name = VerTareasCirculares.h; path = Clases/VerTareasCirculares.h; sourceTree = "<group>"; };
		A665743E1C7E69C500834389 /* VerTareasCirculares.m */ = {isa = PBXFileReference; fileEncoding = 4; lastKnownFileType = sourcecode.c.objc; name = VerTareasCirculares.m; path = Clases/VerTareasCirculares.m; sourceTree = "<group>"; };
		A68DAA3F1C90D4DB00166FB9 /* Calendarios.h */ = {isa = PBXFileReference; fileEncoding = 4; lastKnownFileType = sourcecode.c.h; name = Calendarios.h; path = Clases/Calendarios.h; sourceTree = "<group>"; };
		A68DAA401C90D4DB00166FB9 /* Calendarios.m */ = {isa = PBXFileReference; fileEncoding = 4; lastKnownFileType = sourcecode.c.objc; name = Calendarios.m; path = Clases/Calendarios.m; sourceTree = "<group>"; };
		A69EFAA21C9C47AE00031AB4 /* MasInfo_Mensaje.h */ = {isa = PBXFileReference; fileEncoding = 4; lastKnownFileType = sourcecode.c.h; name = MasInfo_Mensaje.h; path = Clases/MasInfo_Mensaje.h; sourceTree = "<group>"; };
		A69EFAA31C9C47AE00031AB4 /* MasInfo_Mensaje.m */ = {isa = PBXFileReference; fileEncoding = 4; lastKnownFileType = sourcecode.c.objc; name = MasInfo_Mensaje.m; path = Clases/MasInfo_Mensaje.m; sourceTree = "<group>"; };
		A6A70F7C1CA309DE00FD5EBC /* TabBar.h */ = {isa = PBXFileReference; fileEncoding = 4; lastKnownFileType = sourcecode.c.h; path = TabBar.h; sourceTree = "<group>"; };
		A6A70F7D1CA309DE00FD5EBC /* TabBar.m */ = {isa = PBXFileReference; fileEncoding = 4; lastKnownFileType = sourcecode.c.objc; path = TabBar.m; sourceTree = "<group>"; };
		A6A9CA9A1C7E4C4600314626 /* Colegio Arjí A.C..app */ = {isa = PBXFileReference; explicitFileType = wrapper.application; includeInIndex = 0; path = "Colegio Arjí A.C..app"; sourceTree = BUILT_PRODUCTS_DIR; };
		A6A9CA9E1C7E4C4600314626 /* main.m */ = {isa = PBXFileReference; lastKnownFileType = sourcecode.c.objc; path = main.m; sourceTree = "<group>"; };
		A6A9CAA01C7E4C4600314626 /* AppDelegate.h */ = {isa = PBXFileReference; lastKnownFileType = sourcecode.c.h; path = AppDelegate.h; sourceTree = "<group>"; };
		A6A9CAA11C7E4C4600314626 /* AppDelegate.m */ = {isa = PBXFileReference; lastKnownFileType = sourcecode.c.objc; path = AppDelegate.m; sourceTree = "<group>"; };
		A6A9CAA31C7E4C4600314626 /* Login.h */ = {isa = PBXFileReference; lastKnownFileType = sourcecode.c.h; path = Login.h; sourceTree = "<group>"; };
		A6A9CAA41C7E4C4600314626 /* Login.m */ = {isa = PBXFileReference; lastKnownFileType = sourcecode.c.objc; path = Login.m; sourceTree = "<group>"; };
		A6A9CAA61C7E4C4600314626 /* SecondViewController.h */ = {isa = PBXFileReference; lastKnownFileType = sourcecode.c.h; path = SecondViewController.h; sourceTree = "<group>"; };
		A6A9CAA71C7E4C4600314626 /* SecondViewController.m */ = {isa = PBXFileReference; lastKnownFileType = sourcecode.c.objc; path = SecondViewController.m; sourceTree = "<group>"; };
		A6A9CAAA1C7E4C4600314626 /* Base */ = {isa = PBXFileReference; lastKnownFileType = file.storyboard; name = Base; path = Base.lproj/Main.storyboard; sourceTree = "<group>"; };
		A6A9CAAC1C7E4C4600314626 /* Assets.xcassets */ = {isa = PBXFileReference; lastKnownFileType = folder.assetcatalog; name = Assets.xcassets; path = "/Applications/Xcode.app/Contents/Developer/Platforms/iPhoneOS.platform/Developer/SDKs/iPhoneOS9.2.sdk/../../../../../../../../../Projects/Colegio Arjí A.C./Colegio Arjí A.C./Assets.xcassets"; sourceTree = "<absolute>"; };
		A6A9CAAF1C7E4C4600314626 /* Base */ = {isa = PBXFileReference; lastKnownFileType = file.storyboard; name = Base; path = Base.lproj/LaunchScreen.storyboard; sourceTree = "<group>"; };
		A6A9CAB11C7E4C4600314626 /* Info.plist */ = {isa = PBXFileReference; lastKnownFileType = text.plist.xml; path = Info.plist; sourceTree = "<group>"; };
		A6A9CAB91C7E51B400314626 /* PrimerMenu.h */ = {isa = PBXFileReference; fileEncoding = 4; lastKnownFileType = sourcecode.c.h; name = PrimerMenu.h; path = Clases/PrimerMenu.h; sourceTree = "<group>"; };
		A6A9CABA1C7E51B400314626 /* PrimerMenu.m */ = {isa = PBXFileReference; fileEncoding = 4; lastKnownFileType = sourcecode.c.objc; name = PrimerMenu.m; path = Clases/PrimerMenu.m; sourceTree = "<group>"; };
		A6A9CABF1C7E543300314626 /* Singleton.m */ = {isa = PBXFileReference; fileEncoding = 4; lastKnownFileType = sourcecode.c.objc; name = Singleton.m; path = Clases/Singleton.m; sourceTree = "<group>"; };
		A6A9CAC01C7E543300314626 /* Singleton.h */ = {isa = PBXFileReference; fileEncoding = 4; lastKnownFileType = sourcecode.c.h; name = Singleton.h; path = Clases/Singleton.h; sourceTree = "<group>"; };
		A6A9CAC21C7E57DE00314626 /* SegundoMenu.h */ = {isa = PBXFileReference; fileEncoding = 4; lastKnownFileType = sourcecode.c.h; name = SegundoMenu.h; path = Clases/SegundoMenu.h; sourceTree = "<group>"; };
		A6A9CAC31C7E57DE00314626 /* SegundoMenu.m */ = {isa = PBXFileReference; fileEncoding = 4; lastKnownFileType = sourcecode.c.objc; name = SegundoMenu.m; path = Clases/SegundoMenu.m; sourceTree = "<group>"; };
		A6A9CAC81C7E5BB100314626 /* TercerMenu.h */ = {isa = PBXFileReference; fileEncoding = 4; lastKnownFileType = sourcecode.c.h; name = TercerMenu.h; path = Clases/TercerMenu.h; sourceTree = "<group>"; };
		A6A9CAC91C7E5BB100314626 /* TercerMenu.m */ = {isa = PBXFileReference; fileEncoding = 4; lastKnownFileType = sourcecode.c.objc; name = TercerMenu.m; path = Clases/TercerMenu.m; sourceTree = "<group>"; };
		A6A9D6391CA19BDC004B7180 /* Mensaje_Body.h */ = {isa = PBXFileReference; fileEncoding = 4; lastKnownFileType = sourcecode.c.h; name = Mensaje_Body.h; path = Clases/Mensaje_Body.h; sourceTree = "<group>"; };
		A6A9D63A1CA19BDC004B7180 /* Mensaje_Body.m */ = {isa = PBXFileReference; fileEncoding = 4; lastKnownFileType = sourcecode.c.objc; name = Mensaje_Body.m; path = Clases/Mensaje_Body.m; sourceTree = "<group>"; };
		A6AEE3B71C864CEA00BA68FA /* icono_arji.png */ = {isa = PBXFileReference; lastKnownFileType = image.png; name = icono_arji.png; path = Img/Iconos/icono_arji.png; sourceTree = "<group>"; };
		A6AEE3B81C864CEA00BA68FA /* icono_arji2x.png */ = {isa = PBXFileReference; lastKnownFileType = image.png; name = icono_arji2x.png; path = Img/Iconos/icono_arji2x.png; sourceTree = "<group>"; };
		A6AEE3B91C864CEA00BA68FA /* icono_arji3x.png */ = {isa = PBXFileReference; lastKnownFileType = image.png; name = icono_arji3x.png; path = Img/Iconos/icono_arji3x.png; sourceTree = "<group>"; };
		A6AEE3BA1C864CEA00BA68FA /* icono_arji57x.png */ = {isa = PBXFileReference; lastKnownFileType = image.png; name = icono_arji57x.png; path = Img/Iconos/icono_arji57x.png; sourceTree = "<group>"; };
		A6AEE3BB1C864CEA00BA68FA /* icono_arji60x.png */ = {isa = PBXFileReference; lastKnownFileType = image.png; name = icono_arji60x.png; path = Img/Iconos/icono_arji60x.png; sourceTree = "<group>"; };
		A6AEE3BC1C864CEA00BA68FA /* icono_arji80x.png */ = {isa = PBXFileReference; lastKnownFileType = image.png; name = icono_arji80x.png; path = Img/Iconos/icono_arji80x.png; sourceTree = "<group>"; };
		A6AEE3BD1C864CEA00BA68FA /* icono_arji114x.png */ = {isa = PBXFileReference; lastKnownFileType = image.png; name = icono_arji114x.png; path = Img/Iconos/icono_arji114x.png; sourceTree = "<group>"; };
		A6AEE3BE1C864CEA00BA68FA /* icono_arji120x.png */ = {isa = PBXFileReference; lastKnownFileType = image.png; name = icono_arji120x.png; path = Img/Iconos/icono_arji120x.png; sourceTree = "<group>"; };
		A6AEE3BF1C864CEA00BA68FA /* icono_arji180x.png */ = {isa = PBXFileReference; lastKnownFileType = image.png; name = icono_arji180x.png; path = Img/Iconos/icono_arji180x.png; sourceTree = "<group>"; };
		A6AEE3C91C864D0F00BA68FA /* retina_display_320x480.png */ = {isa = PBXFileReference; lastKnownFileType = image.png; name = retina_display_320x480.png; path = Img/Imagenes/retina_display_320x480.png; sourceTree = "<group>"; };
		A6AEE3CA1C864D0F00BA68FA /* retina_display_480x320.png */ = {isa = PBXFileReference; lastKnownFileType = image.png; name = retina_display_480x320.png; path = Img/Imagenes/retina_display_480x320.png; sourceTree = "<group>"; };
		A6AEE3CB1C864D0F00BA68FA /* retina_display_640x900.png */ = {isa = PBXFileReference; lastKnownFileType = image.png; name = retina_display_640x900.png; path = Img/Imagenes/retina_display_640x900.png; sourceTree = "<group>"; };
		A6AEE3CC1C864D0F00BA68FA /* retina_display_640x960.png */ = {isa = PBXFileReference; lastKnownFileType = image.png; name = retina_display_640x960.png; path = Img/Imagenes/retina_display_640x960.png; sourceTree = "<group>"; };
		A6AEE3CD1C864D0F00BA68FA /* retina_display_640x1136.png */ = {isa = PBXFileReference; lastKnownFileType = image.png; name = retina_display_640x1136.png; path = Img/Imagenes/retina_display_640x1136.png; sourceTree = "<group>"; };
		A6AEE3CE1C864D0F00BA68FA /* retina_display_750x1334.png */ = {isa = PBXFileReference; lastKnownFileType = image.png; name = retina_display_750x1334.png; path = Img/Imagenes/retina_display_750x1334.png; sourceTree = "<group>"; };
		A6AEE3CF1C864D0F00BA68FA /* retina_display_900x640.png */ = {isa = PBXFileReference; lastKnownFileType = image.png; name = retina_display_900x640.png; path = Img/Imagenes/retina_display_900x640.png; sourceTree = "<group>"; };
		A6AEE3D01C864D1000BA68FA /* retina_display_960x640.png */ = {isa = PBXFileReference; lastKnownFileType = image.png; name = retina_display_960x640.png; path = Img/Imagenes/retina_display_960x640.png; sourceTree = "<group>"; };
		A6AEE3D11C864D1000BA68FA /* retina_display_1136x640.png */ = {isa = PBXFileReference; lastKnownFileType = image.png; name = retina_display_1136x640.png; path = Img/Imagenes/retina_display_1136x640.png; sourceTree = "<group>"; };
		A6AEE3D21C864D1000BA68FA /* retina_display_1242x2208.png */ = {isa = PBXFileReference; lastKnownFileType = image.png; name = retina_display_1242x2208.png; path = Img/Imagenes/retina_display_1242x2208.png; sourceTree = "<group>"; };
		A6AEE3D31C864D1000BA68FA /* retina_display_1334x750.png */ = {isa = PBXFileReference; lastKnownFileType = image.png; name = retina_display_1334x750.png; path = Img/Imagenes/retina_display_1334x750.png; sourceTree = "<group>"; };
		A6AEE3D41C864D1000BA68FA /* retina_display_2208x1242.png */ = {isa = PBXFileReference; lastKnownFileType = image.png; name = retina_display_2208x1242.png; path = Img/Imagenes/retina_display_2208x1242.png; sourceTree = "<group>"; };
		A6C0A7061CB56499008C012F /* spanner-7.png */ = {isa = PBXFileReference; lastKnownFileType = image.png; name = "spanner-7.png"; path = "Img/Iconos/spanner-7.png"; sourceTree = "<group>"; };
		A6D129C01C8F934400C853C8 /* Boletin.h */ = {isa = PBXFileReference; fileEncoding = 4; lastKnownFileType = sourcecode.c.h; name = Boletin.h; path = Clases/Boletin.h; sourceTree = "<group>"; };
		A6D129C11C8F934400C853C8 /* Boletin.m */ = {isa = PBXFileReference; fileEncoding = 4; lastKnownFileType = sourcecode.c.objc; name = Boletin.m; path = Clases/Boletin.m; sourceTree = "<group>"; };
		A6D1B2211C91C6DD00317AA7 /* layer.png */ = {isa = PBXFileReference; lastKnownFileType = image.png; name = layer.png; path = Img/Iconos/layer.png; sourceTree = "<group>"; };
		A6D1B2231C91C6F000317AA7 /* default.png */ = {isa = PBXFileReference; lastKnownFileType = image.png; name = default.png; path = Img/Imagenes/default.png; sourceTree = "<group>"; };
		A6D1B2241C91C6F000317AA7 /* default@2x.png */ = {isa = PBXFileReference; lastKnownFileType = image.png; name = "default@2x.png"; path = "Img/Imagenes/default@2x.png"; sourceTree = "<group>"; };
		A6D1B2251C91C6F000317AA7 /* retina_display_47.png */ = {isa = PBXFileReference; lastKnownFileType = image.png; name = retina_display_47.png; path = Img/Imagenes/retina_display_47.png; sourceTree = "<group>"; };
		A6D1B2261C91C6F000317AA7 /* retina_display_55.png */ = {isa = PBXFileReference; lastKnownFileType = image.png; name = retina_display_55.png; path = Img/Imagenes/retina_display_55.png; sourceTree = "<group>"; };
		A6D1B22B1C91E47300317AA7 /* MasInfo_root.h */ = {isa = PBXFileReference; fileEncoding = 4; lastKnownFileType = sourcecode.c.h; name = MasInfo_root.h; path = Clases/MasInfo_root.h; sourceTree = "<group>"; };
		A6D1B22C1C91E47300317AA7 /* MasInfo_root.m */ = {isa = PBXFileReference; fileEncoding = 4; lastKnownFileType = sourcecode.c.objc; name = MasInfo_root.m; path = Clases/MasInfo_root.m; sourceTree = "<group>"; };
		A6D1B22E1C92291100317AA7 /* MasInfo_Directorio.h */ = {isa = PBXFileReference; fileEncoding = 4; lastKnownFileType = sourcecode.c.h; name = MasInfo_Directorio.h; path = Clases/MasInfo_Directorio.h; sourceTree = "<group>"; };
		A6D1B22F1C92291100317AA7 /* MasInfo_Directorio.m */ = {isa = PBXFileReference; fileEncoding = 4; lastKnownFileType = sourcecode.c.objc; name = MasInfo_Directorio.m; path = Clases/MasInfo_Directorio.m; sourceTree = "<group>"; };
		A6FB64581C8733480093A2A0 /* icono_arji360x360.png */ = {isa = PBXFileReference; lastKnownFileType = image.png; name = icono_arji360x360.png; path = Img/Iconos/icono_arji360x360.png; sourceTree = "<group>"; };
/* End PBXFileReference section */

/* Begin PBXFrameworksBuildPhase section */
		A6A9CA971C7E4C4600314626 /* Frameworks */ = {
			isa = PBXFrameworksBuildPhase;
			buildActionMask = 2147483647;
			files = (
				A63245B71C9326E80046B9B6 /* MapKit.framework in Frameworks */,
			);
			runOnlyForDeploymentPostprocessing = 0;
		};
/* End PBXFrameworksBuildPhase section */

/* Begin PBXGroup section */
		A6A9CA911C7E4C4600314626 = {
			isa = PBXGroup;
			children = (
				A63245B61C9326E80046B9B6 /* MapKit.framework */,
				A6A9CA9C1C7E4C4600314626 /* Colegio Arjí A.C. */,
				A6A9CA9B1C7E4C4600314626 /* Products */,
			);
			sourceTree = "<group>";
		};
		A6A9CA9B1C7E4C4600314626 /* Products */ = {
			isa = PBXGroup;
			children = (
				A6A9CA9A1C7E4C4600314626 /* Colegio Arjí A.C..app */,
			);
			name = Products;
			sourceTree = "<group>";
		};
		A6A9CA9C1C7E4C4600314626 /* Colegio Arjí A.C. */ = {
			isa = PBXGroup;
			children = (
				A6A9CAB71C7E518200314626 /* Imagenes */,
				A6A9CAB81C7E518B00314626 /* Clases */,
				A6A9CAA01C7E4C4600314626 /* AppDelegate.h */,
				A6A9CAA11C7E4C4600314626 /* AppDelegate.m */,
				A6A9CAA61C7E4C4600314626 /* SecondViewController.h */,
				A6A9CAA71C7E4C4600314626 /* SecondViewController.m */,
				A6A9CAA91C7E4C4600314626 /* Main.storyboard */,
				A6A9CAAC1C7E4C4600314626 /* Assets.xcassets */,
				A6A9CAAE1C7E4C4600314626 /* LaunchScreen.storyboard */,
				A6A9CAB11C7E4C4600314626 /* Info.plist */,
				A6A9CA9D1C7E4C4600314626 /* Supporting Files */,
				A6A70F7C1CA309DE00FD5EBC /* TabBar.h */,
				A6A70F7D1CA309DE00FD5EBC /* TabBar.m */,
			);
			path = "Colegio Arjí A.C.";
			sourceTree = "<group>";
		};
		A6A9CA9D1C7E4C4600314626 /* Supporting Files */ = {
			isa = PBXGroup;
			children = (
				A6A9CA9E1C7E4C4600314626 /* main.m */,
			);
			name = "Supporting Files";
			sourceTree = "<group>";
		};
		A6A9CAB71C7E518200314626 /* Imagenes */ = {
			isa = PBXGroup;
			children = (
				A6AEE3B61C864CDD00BA68FA /* Iconos */,
				A6AEE3B51C864CD000BA68FA /* Imagenes */,
			);
			name = Imagenes;
			sourceTree = "<group>";
		};
		A6A9CAB81C7E518B00314626 /* Clases */ = {
			isa = PBXGroup;
			children = (
				A6A9CAA31C7E4C4600314626 /* Login.h */,
				A6A9CAA41C7E4C4600314626 /* Login.m */,
				A6A9CAC01C7E543300314626 /* Singleton.h */,
				A6A9CABF1C7E543300314626 /* Singleton.m */,
				A6A9CAB91C7E51B400314626 /* PrimerMenu.h */,
				A6A9CABA1C7E51B400314626 /* PrimerMenu.m */,
				A6A9CAC21C7E57DE00314626 /* SegundoMenu.h */,
				A6A9CAC31C7E57DE00314626 /* SegundoMenu.m */,
				A6A9CAC81C7E5BB100314626 /* TercerMenu.h */,
				A6A9CAC91C7E5BB100314626 /* TercerMenu.m */,
				A665743D1C7E69C500834389 /* VerTareasCirculares.h */,
				A665743E1C7E69C500834389 /* VerTareasCirculares.m */,
				A6D129C01C8F934400C853C8 /* Boletin.h */,
				A6D129C11C8F934400C853C8 /* Boletin.m */,
				A626E5331C907E2F0089BDA1 /* QuienesSomos.h */,
				A626E5341C907E2F0089BDA1 /* QuienesSomos.m */,
				A626E5361C9099790089BDA1 /* Certificaciones.h */,
				A626E5371C9099790089BDA1 /* Certificaciones.m */,
				A68DAA3F1C90D4DB00166FB9 /* Calendarios.h */,
				A68DAA401C90D4DB00166FB9 /* Calendarios.m */,
				A6D1B22B1C91E47300317AA7 /* MasInfo_root.h */,
				A6D1B22C1C91E47300317AA7 /* MasInfo_root.m */,
				A6D1B22E1C92291100317AA7 /* MasInfo_Directorio.h */,
				A6D1B22F1C92291100317AA7 /* MasInfo_Directorio.m */,
				A63245B01C931AD90046B9B6 /* MasInfo_Proceso_Admision.h */,
				A63245B11C931AD90046B9B6 /* MasInfo_Proceso_Admision.m */,
				A63245B31C931F9C0046B9B6 /* MasInfo_Mapa_Ubicacion.h */,
				A63245B41C931F9C0046B9B6 /* MasInfo_Mapa_Ubicacion.m */,
				A613F7A71C99BEA7006F2D7D /* MasInfo_Beneficios.h */,
				A613F7A81C99BEA7006F2D7D /* MasInfo_Beneficios.m */,
				A613F7AA1C99CF28006F2D7D /* MasInfo_Contacto.h */,
				A613F7AB1C99CF28006F2D7D /* MasInfo_Contacto.m */,
				A69EFAA21C9C47AE00031AB4 /* MasInfo_Mensaje.h */,
				A69EFAA31C9C47AE00031AB4 /* MasInfo_Mensaje.m */,
				A6A9D6391CA19BDC004B7180 /* Mensaje_Body.h */,
				A6A9D63A1CA19BDC004B7180 /* Mensaje_Body.m */,
			);
			name = Clases;
			sourceTree = "<group>";
		};
		A6AEE3B51C864CD000BA68FA /* Imagenes */ = {
			isa = PBXGroup;
			children = (
				A6D1B2231C91C6F000317AA7 /* default.png */,
				A6D1B2241C91C6F000317AA7 /* default@2x.png */,
				A6D1B2251C91C6F000317AA7 /* retina_display_47.png */,
				A6D1B2261C91C6F000317AA7 /* retina_display_55.png */,
				A633CEE51C8A1D3200B65BE6 /* defaultback.png */,
				A6AEE3C91C864D0F00BA68FA /* retina_display_320x480.png */,
				A6AEE3CA1C864D0F00BA68FA /* retina_display_480x320.png */,
				A6AEE3CB1C864D0F00BA68FA /* retina_display_640x900.png */,
				A6AEE3CC1C864D0F00BA68FA /* retina_display_640x960.png */,
				A6AEE3CD1C864D0F00BA68FA /* retina_display_640x1136.png */,
				A6AEE3CE1C864D0F00BA68FA /* retina_display_750x1334.png */,
				A6AEE3CF1C864D0F00BA68FA /* retina_display_900x640.png */,
				A6AEE3D01C864D1000BA68FA /* retina_display_960x640.png */,
				A6AEE3D11C864D1000BA68FA /* retina_display_1136x640.png */,
				A6AEE3D21C864D1000BA68FA /* retina_display_1242x2208.png */,
				A6AEE3D31C864D1000BA68FA /* retina_display_1334x750.png */,
				A6AEE3D41C864D1000BA68FA /* retina_display_2208x1242.png */,
			);
			name = Imagenes;
			sourceTree = "<group>";
		};
		A6AEE3B61C864CDD00BA68FA /* Iconos */ = {
			isa = PBXGroup;
			children = (
				A6C0A7061CB56499008C012F /* spanner-7.png */,
				A6D1B2211C91C6DD00317AA7 /* layer.png */,
				A626E5391C909BA70089BDA1 /* graduation-cap.png */,
				A626E53A1C909BA70089BDA1 /* lock.png */,
				A626E5311C907CC10089BDA1 /* home.png */,
				A644FF411C8DBE75008876CC /* calendar.png */,
				A644FF3F1C8DBBEA008876CC /* key.png */,
				A6FB64581C8733480093A2A0 /* icono_arji360x360.png */,
				A6AEE3B71C864CEA00BA68FA /* icono_arji.png */,
				A6AEE3B81C864CEA00BA68FA /* icono_arji2x.png */,
				A6AEE3B91C864CEA00BA68FA /* icono_arji3x.png */,
				A6AEE3BA1C864CEA00BA68FA /* icono_arji57x.png */,
				A6AEE3BB1C864CEA00BA68FA /* icono_arji60x.png */,
				A6AEE3BC1C864CEA00BA68FA /* icono_arji80x.png */,
				A6AEE3BD1C864CEA00BA68FA /* icono_arji114x.png */,
				A6AEE3BE1C864CEA00BA68FA /* icono_arji120x.png */,
				A6AEE3BF1C864CEA00BA68FA /* icono_arji180x.png */,
			);
			name = Iconos;
			sourceTree = "<group>";
		};
/* End PBXGroup section */

/* Begin PBXNativeTarget section */
		A6A9CA991C7E4C4600314626 /* Colegio Arjí A.C. */ = {
			isa = PBXNativeTarget;
			buildConfigurationList = A6A9CAB41C7E4C4600314626 /* Build configuration list for PBXNativeTarget "Colegio Arjí A.C." */;
			buildPhases = (
				A6A9CA961C7E4C4600314626 /* Sources */,
				A6A9CA971C7E4C4600314626 /* Frameworks */,
				A6A9CA981C7E4C4600314626 /* Resources */,
			);
			buildRules = (
			);
			dependencies = (
			);
			name = "Colegio Arjí A.C.";
			productName = "Colegio Arjí A.C.";
			productReference = A6A9CA9A1C7E4C4600314626 /* Colegio Arjí A.C..app */;
			productType = "com.apple.product-type.application";
		};
/* End PBXNativeTarget section */

/* Begin PBXProject section */
		A6A9CA921C7E4C4600314626 /* Project object */ = {
			isa = PBXProject;
			attributes = {
				LastUpgradeCheck = 0720;
				ORGANIZATIONNAME = "Colegio Arji A.C.";
				TargetAttributes = {
					A6A9CA991C7E4C4600314626 = {
						CreatedOnToolsVersion = 7.2;
						DevelopmentTeam = CF6C8Z3W44;
						SystemCapabilities = {
							com.apple.BackgroundModes = {
								enabled = 1;
							};
							com.apple.Maps.iOS = {
								enabled = 1;
							};
							com.apple.Push = {
								enabled = 1;
							};
						};
					};
				};
			};
			buildConfigurationList = A6A9CA951C7E4C4600314626 /* Build configuration list for PBXProject "Colegio Arjí A.C." */;
			compatibilityVersion = "Xcode 3.2";
			developmentRegion = English;
			hasScannedForEncodings = 0;
			knownRegions = (
				en,
				Base,
			);
			mainGroup = A6A9CA911C7E4C4600314626;
			productRefGroup = A6A9CA9B1C7E4C4600314626 /* Products */;
			projectDirPath = "";
			projectRoot = "";
			targets = (
				A6A9CA991C7E4C4600314626 /* Colegio Arjí A.C. */,
			);
		};
/* End PBXProject section */

/* Begin PBXResourcesBuildPhase section */
		A6A9CA981C7E4C4600314626 /* Resources */ = {
			isa = PBXResourcesBuildPhase;
			buildActionMask = 2147483647;
			files = (
				A6AEE3C61C864CEA00BA68FA /* icono_arji114x.png in Resources */,
				A6D1B22A1C91C6F000317AA7 /* retina_display_55.png in Resources */,
				A6A9CAB01C7E4C4600314626 /* LaunchScreen.storyboard in Resources */,
				A6AEE3DC1C864D1000BA68FA /* retina_display_960x640.png in Resources */,
				A6AEE3D81C864D1000BA68FA /* retina_display_640x960.png in Resources */,
				A6AEE3DA1C864D1000BA68FA /* retina_display_750x1334.png in Resources */,
				A6AEE3C51C864CEA00BA68FA /* icono_arji80x.png in Resources */,
				A6AEE3E01C864D1000BA68FA /* retina_display_2208x1242.png in Resources */,
				A6AEE3C41C864CEA00BA68FA /* icono_arji60x.png in Resources */,
				A6AEE3C31C864CEA00BA68FA /* icono_arji57x.png in Resources */,
				A6AEE3DE1C864D1000BA68FA /* retina_display_1242x2208.png in Resources */,
				A6AEE3DB1C864D1000BA68FA /* retina_display_900x640.png in Resources */,
				A6A9CAAD1C7E4C4600314626 /* Assets.xcassets in Resources */,
				A626E53B1C909BA70089BDA1 /* graduation-cap.png in Resources */,
				A6AEE3DD1C864D1000BA68FA /* retina_display_1136x640.png in Resources */,
				A6AEE3C21C864CEA00BA68FA /* icono_arji3x.png in Resources */,
				A6AEE3D51C864D1000BA68FA /* retina_display_320x480.png in Resources */,
				A6AEE3D61C864D1000BA68FA /* retina_display_480x320.png in Resources */,
				A633CEE61C8A1D3200B65BE6 /* defaultback.png in Resources */,
				A626E5321C907CC10089BDA1 /* home.png in Resources */,
				A6AEE3D91C864D1000BA68FA /* retina_display_640x1136.png in Resources */,
				A6D1B2281C91C6F000317AA7 /* default@2x.png in Resources */,
				A644FF401C8DBBEA008876CC /* key.png in Resources */,
				A6AEE3C11C864CEA00BA68FA /* icono_arji2x.png in Resources */,
				A626E53C1C909BA70089BDA1 /* lock.png in Resources */,
				A6AEE3C71C864CEA00BA68FA /* icono_arji120x.png in Resources */,
				A6C0A7071CB56499008C012F /* spanner-7.png in Resources */,
				A6D1B2291C91C6F000317AA7 /* retina_display_47.png in Resources */,
				A644FF421C8DBE75008876CC /* calendar.png in Resources */,
				A6D1B2221C91C6DD00317AA7 /* layer.png in Resources */,
				A6D1B2271C91C6F000317AA7 /* default.png in Resources */,
				A6A9CAAB1C7E4C4600314626 /* Main.storyboard in Resources */,
				A6AEE3C81C864CEA00BA68FA /* icono_arji180x.png in Resources */,
				A6FB64591C8733480093A2A0 /* icono_arji360x360.png in Resources */,
				A6AEE3DF1C864D1000BA68FA /* retina_display_1334x750.png in Resources */,
				A6AEE3C01C864CEA00BA68FA /* icono_arji.png in Resources */,
				A6AEE3D71C864D1000BA68FA /* retina_display_640x900.png in Resources */,
			);
			runOnlyForDeploymentPostprocessing = 0;
		};
/* End PBXResourcesBuildPhase section */

/* Begin PBXSourcesBuildPhase section */
		A6A9CA961C7E4C4600314626 /* Sources */ = {
			isa = PBXSourcesBuildPhase;
			buildActionMask = 2147483647;
			files = (
				A68DAA411C90D4DB00166FB9 /* Calendarios.m in Sources */,
				A6A9CAA81C7E4C4600314626 /* SecondViewController.m in Sources */,
				A6A9CABB1C7E51B400314626 /* PrimerMenu.m in Sources */,
				A6D1B2301C92291100317AA7 /* MasInfo_Directorio.m in Sources */,
				A6A9CAC41C7E57DE00314626 /* SegundoMenu.m in Sources */,
				A6A9CAA21C7E4C4600314626 /* AppDelegate.m in Sources */,
				A6D1B22D1C91E47300317AA7 /* MasInfo_root.m in Sources */,
				A6A9CAC11C7E543300314626 /* Singleton.m in Sources */,
				A613F7AC1C99CF28006F2D7D /* MasInfo_Contacto.m in Sources */,
				A613F7A91C99BEA7006F2D7D /* MasInfo_Beneficios.m in Sources */,
				A6A9CAA51C7E4C4600314626 /* Login.m in Sources */,
				A626E5351C907E2F0089BDA1 /* QuienesSomos.m in Sources */,
				A626E5381C9099790089BDA1 /* Certificaciones.m in Sources */,
				A6A9CACA1C7E5BB100314626 /* TercerMenu.m in Sources */,
				A6A9CA9F1C7E4C4600314626 /* main.m in Sources */,
				A6A9D63B1CA19BDC004B7180 /* Mensaje_Body.m in Sources */,
				A69EFAA41C9C47AE00031AB4 /* MasInfo_Mensaje.m in Sources */,
				A665743F1C7E69C500834389 /* VerTareasCirculares.m in Sources */,
				A6D129C21C8F934400C853C8 /* Boletin.m in Sources */,
				A63245B51C931F9C0046B9B6 /* MasInfo_Mapa_Ubicacion.m in Sources */,
				A63245B21C931AD90046B9B6 /* MasInfo_Proceso_Admision.m in Sources */,
				A6A70F7E1CA309DE00FD5EBC /* TabBar.m in Sources */,
			);
			runOnlyForDeploymentPostprocessing = 0;
		};
/* End PBXSourcesBuildPhase section */

/* Begin PBXVariantGroup section */
		A6A9CAA91C7E4C4600314626 /* Main.storyboard */ = {
			isa = PBXVariantGroup;
			children = (
				A6A9CAAA1C7E4C4600314626 /* Base */,
			);
			name = Main.storyboard;
			sourceTree = "<group>";
		};
		A6A9CAAE1C7E4C4600314626 /* LaunchScreen.storyboard */ = {
			isa = PBXVariantGroup;
			children = (
				A6A9CAAF1C7E4C4600314626 /* Base */,
			);
			name = LaunchScreen.storyboard;
			sourceTree = "<group>";
		};
/* End PBXVariantGroup section */

/* Begin XCBuildConfiguration section */
		A6A9CAB21C7E4C4600314626 /* Debug */ = {
			isa = XCBuildConfiguration;
			buildSettings = {
				ALWAYS_SEARCH_USER_PATHS = NO;
				CLANG_CXX_LANGUAGE_STANDARD = "gnu++0x";
				CLANG_CXX_LIBRARY = "libc++";
				CLANG_ENABLE_MODULES = YES;
				CLANG_ENABLE_OBJC_ARC = YES;
				CLANG_WARN_BOOL_CONVERSION = YES;
				CLANG_WARN_CONSTANT_CONVERSION = YES;
				CLANG_WARN_DIRECT_OBJC_ISA_USAGE = YES_ERROR;
				CLANG_WARN_EMPTY_BODY = YES;
				CLANG_WARN_ENUM_CONVERSION = YES;
				CLANG_WARN_INT_CONVERSION = YES;
				CLANG_WARN_OBJC_ROOT_CLASS = YES_ERROR;
				CLANG_WARN_UNREACHABLE_CODE = YES;
				CLANG_WARN__DUPLICATE_METHOD_MATCH = YES;
				CODE_SIGN_IDENTITY = "";
				"CODE_SIGN_IDENTITY[sdk=iphoneos*]" = "";
				COPY_PHASE_STRIP = NO;
				DEBUG_INFORMATION_FORMAT = dwarf;
				ENABLE_STRICT_OBJC_MSGSEND = YES;
				ENABLE_TESTABILITY = YES;
				GCC_C_LANGUAGE_STANDARD = gnu99;
				GCC_DYNAMIC_NO_PIC = NO;
				GCC_NO_COMMON_BLOCKS = YES;
				GCC_OPTIMIZATION_LEVEL = 0;
				GCC_PREPROCESSOR_DEFINITIONS = (
					"DEBUG=1",
					"$(inherited)",
				);
				GCC_WARN_64_TO_32_BIT_CONVERSION = YES;
				GCC_WARN_ABOUT_RETURN_TYPE = YES_ERROR;
				GCC_WARN_UNDECLARED_SELECTOR = YES;
				GCC_WARN_UNINITIALIZED_AUTOS = YES_AGGRESSIVE;
				GCC_WARN_UNUSED_FUNCTION = YES;
				GCC_WARN_UNUSED_VARIABLE = YES;
				IPHONEOS_DEPLOYMENT_TARGET = 9.2;
				MTL_ENABLE_DEBUG_INFO = YES;
				ONLY_ACTIVE_ARCH = YES;
				PROVISIONING_PROFILE = "8455a836-038b-42f8-89da-efe0dd8ad722";
				SDKROOT = iphoneos;
			};
			name = Debug;
		};
		A6A9CAB31C7E4C4600314626 /* Release */ = {
			isa = XCBuildConfiguration;
			buildSettings = {
				ALWAYS_SEARCH_USER_PATHS = NO;
				CLANG_CXX_LANGUAGE_STANDARD = "gnu++0x";
				CLANG_CXX_LIBRARY = "libc++";
				CLANG_ENABLE_MODULES = YES;
				CLANG_ENABLE_OBJC_ARC = YES;
				CLANG_WARN_BOOL_CONVERSION = YES;
				CLANG_WARN_CONSTANT_CONVERSION = YES;
				CLANG_WARN_DIRECT_OBJC_ISA_USAGE = YES_ERROR;
				CLANG_WARN_EMPTY_BODY = YES;
				CLANG_WARN_ENUM_CONVERSION = YES;
				CLANG_WARN_INT_CONVERSION = YES;
				CLANG_WARN_OBJC_ROOT_CLASS = YES_ERROR;
				CLANG_WARN_UNREACHABLE_CODE = YES;
				CLANG_WARN__DUPLICATE_METHOD_MATCH = YES;
				CODE_SIGN_IDENTITY = "";
				"CODE_SIGN_IDENTITY[sdk=iphoneos*]" = "";
				COPY_PHASE_STRIP = NO;
				DEBUG_INFORMATION_FORMAT = "dwarf-with-dsym";
				ENABLE_NS_ASSERTIONS = NO;
				ENABLE_STRICT_OBJC_MSGSEND = YES;
				GCC_C_LANGUAGE_STANDARD = gnu99;
				GCC_NO_COMMON_BLOCKS = YES;
				GCC_WARN_64_TO_32_BIT_CONVERSION = YES;
				GCC_WARN_ABOUT_RETURN_TYPE = YES_ERROR;
				GCC_WARN_UNDECLARED_SELECTOR = YES;
				GCC_WARN_UNINITIALIZED_AUTOS = YES_AGGRESSIVE;
				GCC_WARN_UNUSED_FUNCTION = YES;
				GCC_WARN_UNUSED_VARIABLE = YES;
				IPHONEOS_DEPLOYMENT_TARGET = 9.2;
				MTL_ENABLE_DEBUG_INFO = NO;
				PROVISIONING_PROFILE = "8455a836-038b-42f8-89da-efe0dd8ad722";
				SDKROOT = iphoneos;
				VALIDATE_PRODUCT = YES;
			};
			name = Release;
		};
		A6A9CAB51C7E4C4600314626 /* Debug */ = {
			isa = XCBuildConfiguration;
			buildSettings = {
				ASSETCATALOG_COMPILER_APPICON_NAME = AppIcon;
				ASSETCATALOG_COMPILER_LAUNCHIMAGE_NAME = LaunchImage;
				CODE_SIGN_IDENTITY = "";
				"CODE_SIGN_IDENTITY[sdk=iphoneos*]" = "";
				INFOPLIST_FILE = "Colegio Arjí A.C./Info.plist";
				IPHONEOS_DEPLOYMENT_TARGET = 9.2;
				LD_RUNPATH_SEARCH_PATHS = "$(inherited) @executable_path/Frameworks";
				PRODUCT_BUNDLE_IDENTIFIER = "ColegioArji.Colegio-Arji--A-C-";
				PRODUCT_NAME = "$(TARGET_NAME)";
				PROVISIONING_PROFILE = "8455a836-038b-42f8-89da-efe0dd8ad722";
			};
			name = Debug;
		};
		A6A9CAB61C7E4C4600314626 /* Release */ = {
			isa = XCBuildConfiguration;
			buildSettings = {
				ASSETCATALOG_COMPILER_APPICON_NAME = AppIcon;
				ASSETCATALOG_COMPILER_LAUNCHIMAGE_NAME = LaunchImage;
				CODE_SIGN_IDENTITY = "";
				"CODE_SIGN_IDENTITY[sdk=iphoneos*]" = "";
				INFOPLIST_FILE = "Colegio Arjí A.C./Info.plist";
				IPHONEOS_DEPLOYMENT_TARGET = 9.2;
				LD_RUNPATH_SEARCH_PATHS = "$(inherited) @executable_path/Frameworks";
				PRODUCT_BUNDLE_IDENTIFIER = "ColegioArji.Colegio-Arji--A-C-";
				PRODUCT_NAME = "$(TARGET_NAME)";
				PROVISIONING_PROFILE = "8455a836-038b-42f8-89da-efe0dd8ad722";
			};
			name = Release;
		};
/* End XCBuildConfiguration section */

/* Begin XCConfigurationList section */
		A6A9CA951C7E4C4600314626 /* Build configuration list for PBXProject "Colegio Arjí A.C." */ = {
			isa = XCConfigurationList;
			buildConfigurations = (
				A6A9CAB21C7E4C4600314626 /* Debug */,
				A6A9CAB31C7E4C4600314626 /* Release */,
			);
			defaultConfigurationIsVisible = 0;
			defaultConfigurationName = Release;
		};
		A6A9CAB41C7E4C4600314626 /* Build configuration list for PBXNativeTarget "Colegio Arjí A.C." */ = {
			isa = XCConfigurationList;
			buildConfigurations = (
				A6A9CAB51C7E4C4600314626 /* Debug */,
				A6A9CAB61C7E4C4600314626 /* Release */,
			);
			defaultConfigurationIsVisible = 0;
			defaultConfigurationName = Release;
		};
/* End XCConfigurationList section */
	};
	rootObject = A6A9CA921C7E4C4600314626 /* Project object */;
}
